<Solution>
  <Folder Name="/Task0/">
    <Project Path="Tyuiu.SedelnikovEA.Sprint0.Task0.V0/Tyuiu.SedelnikovEA.Sprint0.Task0.V0.csproj" Id="544fc631-6bec-4357-ba1a-9074650c63a1" />
  </Folder>
  <Folder Name="/Task1/">
    <Project Path="Tyuiu.SedelnikovEA.Sprint0.Task1.V0/Tyuiu.SedelnikovEA.Sprint0.Task1.V0.csproj" Id="cfdb34c0-0511-4da0-a9d1-134c23b4dd40" />
  </Folder>
</Solution>
