<Solution>
  <Folder Name="/Task0/">
    <Project Path="Tyuiu.SedelnikovEA.Sprint0.Task0.V0/Tyuiu.SedelnikovEA.Sprint0.Task0.V0.csproj" Id="544fc631-6bec-4357-ba1a-9074650c63a1" />
  </Folder>
  <Folder Name="/Task1/">
    <Project Path="Tyuiu.SedelnikovEA.Sprint0.Task1.V0/Tyuiu.SedelnikovEA.Sprint0.Task1.V0.csproj" Id="cfdb34c0-0511-4da0-a9d1-134c23b4dd40" />
  </Folder>
  <Folder Name="/Task2/">
    <Project Path="Tyuiu.SedelnikovEA.Sprint0.Task2.V0.Lib/Tyuiu.SedelnikovEA.Sprint0.Task2.V0.Lib.csproj" Id="17f4742d-8cfc-43b7-a14e-71ed28a9184d" />
    <Project Path="Tyuiu.SedelnikovEA.Sprint0.Task2.V0.Test/Tyuiu.SedelnikovEA.Sprint0.Task2.V0.Test.csproj" Id="3ea890ac-af13-43dd-a2c9-b54f9b373767" />
    <Project Path="Tyuiu.SedelnikovEA.Sprint0.Task2.V0/Tyuiu.SedelnikovEA.Sprint0.Task2.V0.csproj" Id="05cd1e7e-69f5-47c6-b333-eb65d1e78a19" />
  </Folder>
  <Folder Name="/Task3/">
    <Project Path="Tyuiu.SedelnikovEA.Sprint0.Task3.V0.Lib/Tyuiu.SedelnikovEA.Sprint0.Task3.V0.Lib.csproj" Id="2930259e-3a47-4cb2-af30-b99bde81d54d" />
    <Project Path="Tyuiu.SedelnikovEA.Sprint0.Task3.V0.Test/Tyuiu.SedelnikovEA.Sprint0.Task3.V0.Test.csproj" Id="11161dcb-0da0-462c-9492-1515d4375fe7" />
    <Project Path="Tyuiu.SedelnikovEA.Sprint0.Task3.V0/Tyuiu.SedelnikovEA.Sprint0.Task3.V0.csproj" Id="06509dd7-0936-4bd8-840a-5be84850200a" />
  </Folder>
  <Folder Name="/Task4/">
    <Project Path="Tyuiu.SedelnikovEA.Sprint0.Task4.V0.Lib/Tyuiu.SedelnikovEA.Sprint0.Task4.V0.Lib.csproj" Id="464dc9c7-1532-496f-b88b-a48901ef2851" />
    <Project Path="Tyuiu.SedelnikovEA.Sprint0.Task4.V0.Test/Tyuiu.SedelnikovEA.Sprint0.Task4.V0.Test.csproj" Id="1a6edcda-54c2-4d3a-84b0-1576b39e4537" />
    <Project Path="Tyuiu.SedelnikovEA.Sprint0.Task4.V0/Tyuiu.SedelnikovEA.Sprint0.Task4.V0.csproj" Id="2125686b-93a2-4bd3-b6f6-5286a4d14b00" />
  </Folder>
  <Folder Name="/Task5/">
    <Project Path="Tyuiu.SedelnikovEA.Sprint0.Task5.V0.Lib/Tyuiu.SedelnikovEA.Sprint0.Task5.V0.Lib.csproj" Id="28c2e099-11e9-4775-9ed3-28ce6fef1108" />
    <Project Path="Tyuiu.SedelnikovEA.Sprint0.Task5.V0.Test/Tyuiu.SedelnikovEA.Sprint0.Task5.V0.Test.csproj" Id="911cc4fd-f9e2-43d0-9b8d-104f3c835632" />
    <Project Path="Tyuiu.SedelnikovEA.Sprint0.Task5.V0/Tyuiu.SedelnikovEA.Sprint0.Task5.V0.csproj" Id="94632aa6-bb85-4873-ab74-ace63b41ee84" />
  </Folder>
  <Folder Name="/Task6/">
    <Project Path="Tyuiu.SedelnikovEA.Sprint0.Task6.V0.Lib/Tyuiu.SedelnikovEA.Sprint0.Task6.V0.Lib.csproj" Id="2743b5c7-8fe9-42c1-95d4-633047b6f272" />
    <Project Path="Tyuiu.SedelnikovEA.Sprint0.Task6.V0.Test/Tyuiu.SedelnikovEA.Sprint0.Task6.V0.Test.csproj" Id="e462d3c2-b073-48bb-9d03-cb6da8965aab" />
    <Project Path="Tyuiu.SedelnikovEA.Sprint0.Task6.V0/Tyuiu.SedelnikovEA.Sprint0.Task6.V0.csproj" Id="be0b1b49-65eb-4bb9-b794-d04f0ad3d9ef" />
  </Folder>
  <Folder Name="/Task7/">
    <Project Path="Tyuiu.SedelnikovEA.Sprint0.Task7.V0.Lib/Tyuiu.SedelnikovEA.Sprint0.Task7.V0.Lib.csproj" Id="97ad5c6a-e11c-4468-9537-2194cc29f0fc" />
    <Project Path="Tyuiu.SedelnikovEA.Sprint0.Task7.V0.Test/Tyuiu.SedelnikovEA.Sprint0.Task7.V0.Test.csproj" Id="a89406b5-0103-4822-8662-b3ac62483f6a" />
    <Project Path="Tyuiu.SedelnikovEA.Sprint0.Task7.V0/Tyuiu.SedelnikovEA.Sprint0.Task7.V0.csproj" Id="09a1bdec-f6e7-4e48-b106-27e2acabb197" />
  </Folder>
</Solution>
